{
  "version": "2",
  "remote": {},
  "npm": {
    "specifiers": { "chalk@5": "chalk@5.1.2" },
    "packages": {
      "chalk@5.1.2": {
        "integrity": "sha512-E5CkT4jWURs1Vy5qGJye+XwCkNj7Od3Af7CP6SujMetSMkLs8Do2RWJK5yx1wamHV/op8Rz+9rltjaTQWDnEFQ==",
        "dependencies": {}
      }
    }
  }
}
